
Microsoft Visual Studio Solution File, Format Version 12.00
# Visual Studio Version 17
VisualStudioVersion = 17.4.33403.182
MinimumVisualStudioVersion = 10.0.40219.1
Project("{FAE04EC0-301F-11D3-BF4B-00C04F79EFBC}") = "6-2 DemoEvent", "6-2 DemoEvent\6-2 DemoEvent.csproj", "{20EA7689-7DEF-4756-891C-DBA4D66CFACD}"
EndProject
Project("{FAE04EC0-301F-11D3-BF4B-00C04F79EFBC}") = "6-2 DemoEventAsync", "6-2 DemoEventAsync\6-2 DemoEventAsync.csproj", "{ADB81BA9-289D-428F-9C5F-476C3C333767}"
EndProject
Global
	GlobalSection(SolutionConfigurationPlatforms) = preSolution
		Debug|Any CPU = Debug|Any CPU
		Release|Any CPU = Release|Any CPU
	EndGlobalSection
	GlobalSection(ProjectConfigurationPlatforms) = postSolution
		{20EA7689-7DEF-4756-891C-DBA4D66CFACD}.Debug|Any CPU.ActiveCfg = Debug|Any CPU
		{20EA7689-7DEF-4756-891C-DBA4D66CFACD}.Debug|Any CPU.Build.0 = Debug|Any CPU
		{20EA7689-7DEF-4756-891C-DBA4D66CFACD}.Release|Any CPU.ActiveCfg = Release|Any CPU
		{20EA7689-7DEF-4756-891C-DBA4D66CFACD}.Release|Any CPU.Build.0 = Release|Any CPU
		{ADB81BA9-289D-428F-9C5F-476C3C333767}.Debug|Any CPU.ActiveCfg = Debug|Any CPU
		{ADB81BA9-289D-428F-9C5F-476C3C333767}.Debug|Any CPU.Build.0 = Debug|Any CPU
		{ADB81BA9-289D-428F-9C5F-476C3C333767}.Release|Any CPU.ActiveCfg = Release|Any CPU
		{ADB81BA9-289D-428F-9C5F-476C3C333767}.Release|Any CPU.Build.0 = Release|Any CPU
	EndGlobalSection
	GlobalSection(SolutionProperties) = preSolution
		HideSolutionNode = FALSE
	EndGlobalSection
	GlobalSection(ExtensibilityGlobals) = postSolution
		SolutionGuid = {19EB8FEC-C115-416C-92F0-A4DC75301B55}
	EndGlobalSection
EndGlobal
